
Microsoft Visual Studio Solution File, Format Version 12.00
# Visual Studio Version 17
VisualStudioVersion = 17.0.31903.59
MinimumVisualStudioVersion = 10.0.40219.1
Project("{FAE04EC0-301F-11D3-BF4B-00C04F79EFBC}") = "PetitionsBackEnd", "PetitionsBackEnd\PetitionsBackEnd.csproj", "{CE508A71-7250-4507-AA9C-530D984FAF3E}"
EndProject
Project("{FAE04EC0-301F-11D3-BF4B-00C04F79EFBC}") = "PetitionsFrontEnd", "PetitionsFrontEnd\PetitionsFrontEnd.csproj", "{B944A334-8EDA-49BF-8463-09594C058869}"
EndProject
Project("{FAE04EC0-301F-11D3-BF4B-00C04F79EFBC}") = "PetitionsCommon", "PetitionsCommon\PetitionsCommon.csproj", "{63969253-A769-4DCD-A1C1-4E184D2FF342}"
EndProject
Global
	GlobalSection(SolutionConfigurationPlatforms) = preSolution
		Debug|Any CPU = Debug|Any CPU
		Release|Any CPU = Release|Any CPU
	EndGlobalSection
	GlobalSection(SolutionProperties) = preSolution
		HideSolutionNode = FALSE
	EndGlobalSection
	GlobalSection(ProjectConfigurationPlatforms) = postSolution
		{CE508A71-7250-4507-AA9C-530D984FAF3E}.Debug|Any CPU.ActiveCfg = Debug|Any CPU
		{CE508A71-7250-4507-AA9C-530D984FAF3E}.Debug|Any CPU.Build.0 = Debug|Any CPU
		{CE508A71-7250-4507-AA9C-530D984FAF3E}.Release|Any CPU.ActiveCfg = Release|Any CPU
		{CE508A71-7250-4507-AA9C-530D984FAF3E}.Release|Any CPU.Build.0 = Release|Any CPU
		{B944A334-8EDA-49BF-8463-09594C058869}.Debug|Any CPU.ActiveCfg = Debug|Any CPU
		{B944A334-8EDA-49BF-8463-09594C058869}.Debug|Any CPU.Build.0 = Debug|Any CPU
		{B944A334-8EDA-49BF-8463-09594C058869}.Release|Any CPU.ActiveCfg = Release|Any CPU
		{B944A334-8EDA-49BF-8463-09594C058869}.Release|Any CPU.Build.0 = Release|Any CPU
		{63969253-A769-4DCD-A1C1-4E184D2FF342}.Debug|Any CPU.ActiveCfg = Debug|Any CPU
		{63969253-A769-4DCD-A1C1-4E184D2FF342}.Debug|Any CPU.Build.0 = Debug|Any CPU
		{63969253-A769-4DCD-A1C1-4E184D2FF342}.Release|Any CPU.ActiveCfg = Release|Any CPU
		{63969253-A769-4DCD-A1C1-4E184D2FF342}.Release|Any CPU.Build.0 = Release|Any CPU
	EndGlobalSection
EndGlobal
